
Microsoft Visual Studio Solution File, Format Version 12.00
# Visual Studio Version 16
VisualStudioVersion = 16.0.29503.13
MinimumVisualStudioVersion = 10.0.40219.1
Project("{FAE04EC0-301F-11D3-BF4B-00C04F79EFBC}") = "Day 23 - Core Intro3", "Day 23 - Core Intro3\Day 23 - Core Intro3.csproj", "{FFD56C24-E3AE-4113-9A0F-583FD27DBB99}"
EndProject
Global
	GlobalSection(SolutionConfigurationPlatforms) = preSolution
		Debug|Any CPU = Debug|Any CPU
		Release|Any CPU = Release|Any CPU
	EndGlobalSection
	GlobalSection(ProjectConfigurationPlatforms) = postSolution
		{FFD56C24-E3AE-4113-9A0F-583FD27DBB99}.Debug|Any CPU.ActiveCfg = Debug|Any CPU
		{FFD56C24-E3AE-4113-9A0F-583FD27DBB99}.Debug|Any CPU.Build.0 = Debug|Any CPU
		{FFD56C24-E3AE-4113-9A0F-583FD27DBB99}.Release|Any CPU.ActiveCfg = Release|Any CPU
		{FFD56C24-E3AE-4113-9A0F-583FD27DBB99}.Release|Any CPU.Build.0 = Release|Any CPU
	EndGlobalSection
	GlobalSection(SolutionProperties) = preSolution
		HideSolutionNode = FALSE
	EndGlobalSection
	GlobalSection(ExtensibilityGlobals) = postSolution
		SolutionGuid = {E785F0B5-77F7-458B-80A8-748D1FEC73A1}
	EndGlobalSection
EndGlobal
