
Microsoft Visual Studio Solution File, Format Version 12.00
# Visual Studio Version 16
VisualStudioVersion = 16.0.29503.13
MinimumVisualStudioVersion = 10.0.40219.1
Project("{FAE04EC0-301F-11D3-BF4B-00C04F79EFBC}") = "Day 31 - Breweries Exercise", "Day 31 - Breweries Exercise\Day 31 - Breweries Exercise.csproj", "{B378496B-D8C5-46EC-8891-927D90147F02}"
EndProject
Global
	GlobalSection(SolutionConfigurationPlatforms) = preSolution
		Debug|Any CPU = Debug|Any CPU
		Release|Any CPU = Release|Any CPU
	EndGlobalSection
	GlobalSection(ProjectConfigurationPlatforms) = postSolution
		{B378496B-D8C5-46EC-8891-927D90147F02}.Debug|Any CPU.ActiveCfg = Debug|Any CPU
		{B378496B-D8C5-46EC-8891-927D90147F02}.Debug|Any CPU.Build.0 = Debug|Any CPU
		{B378496B-D8C5-46EC-8891-927D90147F02}.Release|Any CPU.ActiveCfg = Release|Any CPU
		{B378496B-D8C5-46EC-8891-927D90147F02}.Release|Any CPU.Build.0 = Release|Any CPU
	EndGlobalSection
	GlobalSection(SolutionProperties) = preSolution
		HideSolutionNode = FALSE
	EndGlobalSection
	GlobalSection(ExtensibilityGlobals) = postSolution
		SolutionGuid = {08BBC42B-DDEE-4D7E-9F0C-4B4BD6A2B81D}
	EndGlobalSection
EndGlobal
