
Microsoft Visual Studio Solution File, Format Version 12.00
# Visual Studio Version 16
VisualStudioVersion = 16.0.29411.108
MinimumVisualStudioVersion = 10.0.40219.1
Project("{9A19103F-16F7-4668-BE54-9A1E7A4F7556}") = "Day 12 - Interfaces Abstract Classes", "Day 12 - Interfaces Abstract Classes\Day 12 - Interfaces Abstract Classes.csproj", "{2639C43A-8884-4639-A705-9A8A0B6231CA}"
EndProject
Project("{9A19103F-16F7-4668-BE54-9A1E7A4F7556}") = "Shape Interface", "Shape Interface\Shape Interface.csproj", "{55820697-914B-4B1C-952A-FF90F93FBEDC}"
EndProject
Project("{FAE04EC0-301F-11D3-BF4B-00C04F79EFBC}") = "BillInheritanceChallenge", "BillInheritanceChallenge\BillInheritanceChallenge.csproj", "{96F283B9-EC00-4527-B99B-C61B78C7158C}"
EndProject
Global
	GlobalSection(SolutionConfigurationPlatforms) = preSolution
		Debug|Any CPU = Debug|Any CPU
		Release|Any CPU = Release|Any CPU
	EndGlobalSection
	GlobalSection(ProjectConfigurationPlatforms) = postSolution
		{2639C43A-8884-4639-A705-9A8A0B6231CA}.Debug|Any CPU.ActiveCfg = Debug|Any CPU
		{2639C43A-8884-4639-A705-9A8A0B6231CA}.Debug|Any CPU.Build.0 = Debug|Any CPU
		{2639C43A-8884-4639-A705-9A8A0B6231CA}.Release|Any CPU.ActiveCfg = Release|Any CPU
		{2639C43A-8884-4639-A705-9A8A0B6231CA}.Release|Any CPU.Build.0 = Release|Any CPU
		{55820697-914B-4B1C-952A-FF90F93FBEDC}.Debug|Any CPU.ActiveCfg = Debug|Any CPU
		{55820697-914B-4B1C-952A-FF90F93FBEDC}.Debug|Any CPU.Build.0 = Debug|Any CPU
		{55820697-914B-4B1C-952A-FF90F93FBEDC}.Release|Any CPU.ActiveCfg = Release|Any CPU
		{55820697-914B-4B1C-952A-FF90F93FBEDC}.Release|Any CPU.Build.0 = Release|Any CPU
		{96F283B9-EC00-4527-B99B-C61B78C7158C}.Debug|Any CPU.ActiveCfg = Debug|Any CPU
		{96F283B9-EC00-4527-B99B-C61B78C7158C}.Debug|Any CPU.Build.0 = Debug|Any CPU
		{96F283B9-EC00-4527-B99B-C61B78C7158C}.Release|Any CPU.ActiveCfg = Release|Any CPU
		{96F283B9-EC00-4527-B99B-C61B78C7158C}.Release|Any CPU.Build.0 = Release|Any CPU
	EndGlobalSection
	GlobalSection(SolutionProperties) = preSolution
		HideSolutionNode = FALSE
	EndGlobalSection
	GlobalSection(ExtensibilityGlobals) = postSolution
		SolutionGuid = {123B92D2-2B40-4636-8DD8-6D13C890523F}
	EndGlobalSection
EndGlobal
