
Microsoft Visual Studio Solution File, Format Version 12.00
# Visual Studio Version 16
VisualStudioVersion = 16.0.29411.108
MinimumVisualStudioVersion = 10.0.40219.1
Project("{9A19103F-16F7-4668-BE54-9A1E7A4F7556}") = "Day 8 - Collections", "Day 8 - Collections\Day 8 - Collections.csproj", "{849F35B0-B696-4CEB-B4AA-83D9B950DCB4}"
EndProject
Project("{9A19103F-16F7-4668-BE54-9A1E7A4F7556}") = "StarWarsDictionary", "StarWarsDictionary\StarWarsDictionary.csproj", "{2DAEACC9-CB6A-40B8-BFB2-88E9F79F17F1}"
EndProject
Project("{9A19103F-16F7-4668-BE54-9A1E7A4F7556}") = "ListsExample1", "ListsExample1\ListsExample1.csproj", "{BDDF1D67-2D23-4F57-877D-B0301EE31140}"
EndProject
Project("{9A19103F-16F7-4668-BE54-9A1E7A4F7556}") = "FillListEx", "FillListEx\FillListEx.csproj", "{67B4B7A0-CD7C-4D21-A2E0-6B531C5F9B1F}"
EndProject
Project("{FAE04EC0-301F-11D3-BF4B-00C04F79EFBC}") = "AfternoonExercises", "AfternoonExercises\AfternoonExercises.csproj", "{0A2D0C1B-5596-4B4B-996A-5020E203A73D}"
EndProject
Global
	GlobalSection(SolutionConfigurationPlatforms) = preSolution
		Debug|Any CPU = Debug|Any CPU
		Release|Any CPU = Release|Any CPU
	EndGlobalSection
	GlobalSection(ProjectConfigurationPlatforms) = postSolution
		{849F35B0-B696-4CEB-B4AA-83D9B950DCB4}.Debug|Any CPU.ActiveCfg = Debug|Any CPU
		{849F35B0-B696-4CEB-B4AA-83D9B950DCB4}.Debug|Any CPU.Build.0 = Debug|Any CPU
		{849F35B0-B696-4CEB-B4AA-83D9B950DCB4}.Release|Any CPU.ActiveCfg = Release|Any CPU
		{849F35B0-B696-4CEB-B4AA-83D9B950DCB4}.Release|Any CPU.Build.0 = Release|Any CPU
		{2DAEACC9-CB6A-40B8-BFB2-88E9F79F17F1}.Debug|Any CPU.ActiveCfg = Debug|Any CPU
		{2DAEACC9-CB6A-40B8-BFB2-88E9F79F17F1}.Debug|Any CPU.Build.0 = Debug|Any CPU
		{2DAEACC9-CB6A-40B8-BFB2-88E9F79F17F1}.Release|Any CPU.ActiveCfg = Release|Any CPU
		{2DAEACC9-CB6A-40B8-BFB2-88E9F79F17F1}.Release|Any CPU.Build.0 = Release|Any CPU
		{BDDF1D67-2D23-4F57-877D-B0301EE31140}.Debug|Any CPU.ActiveCfg = Debug|Any CPU
		{BDDF1D67-2D23-4F57-877D-B0301EE31140}.Debug|Any CPU.Build.0 = Debug|Any CPU
		{BDDF1D67-2D23-4F57-877D-B0301EE31140}.Release|Any CPU.ActiveCfg = Release|Any CPU
		{BDDF1D67-2D23-4F57-877D-B0301EE31140}.Release|Any CPU.Build.0 = Release|Any CPU
		{67B4B7A0-CD7C-4D21-A2E0-6B531C5F9B1F}.Debug|Any CPU.ActiveCfg = Debug|Any CPU
		{67B4B7A0-CD7C-4D21-A2E0-6B531C5F9B1F}.Debug|Any CPU.Build.0 = Debug|Any CPU
		{67B4B7A0-CD7C-4D21-A2E0-6B531C5F9B1F}.Release|Any CPU.ActiveCfg = Release|Any CPU
		{67B4B7A0-CD7C-4D21-A2E0-6B531C5F9B1F}.Release|Any CPU.Build.0 = Release|Any CPU
		{0A2D0C1B-5596-4B4B-996A-5020E203A73D}.Debug|Any CPU.ActiveCfg = Debug|Any CPU
		{0A2D0C1B-5596-4B4B-996A-5020E203A73D}.Debug|Any CPU.Build.0 = Debug|Any CPU
		{0A2D0C1B-5596-4B4B-996A-5020E203A73D}.Release|Any CPU.ActiveCfg = Release|Any CPU
		{0A2D0C1B-5596-4B4B-996A-5020E203A73D}.Release|Any CPU.Build.0 = Release|Any CPU
	EndGlobalSection
	GlobalSection(SolutionProperties) = preSolution
		HideSolutionNode = FALSE
	EndGlobalSection
	GlobalSection(ExtensibilityGlobals) = postSolution
		SolutionGuid = {0308AA18-43D6-4D2D-A896-4312762A241A}
	EndGlobalSection
EndGlobal
