
Microsoft Visual Studio Solution File, Format Version 12.00
# Visual Studio Version 16
VisualStudioVersion = 16.0.29503.13
MinimumVisualStudioVersion = 10.0.40219.1
Project("{FAE04EC0-301F-11D3-BF4B-00C04F79EFBC}") = "Day 37 - TestingAPIs", "Day 37 - TestingAPIs\Day 37 - TestingAPIs.csproj", "{67DF0EB3-60B8-4F60-8A81-7E017A1746EE}"
EndProject
Global
	GlobalSection(SolutionConfigurationPlatforms) = preSolution
		Debug|Any CPU = Debug|Any CPU
		Release|Any CPU = Release|Any CPU
	EndGlobalSection
	GlobalSection(ProjectConfigurationPlatforms) = postSolution
		{67DF0EB3-60B8-4F60-8A81-7E017A1746EE}.Debug|Any CPU.ActiveCfg = Debug|Any CPU
		{67DF0EB3-60B8-4F60-8A81-7E017A1746EE}.Debug|Any CPU.Build.0 = Debug|Any CPU
		{67DF0EB3-60B8-4F60-8A81-7E017A1746EE}.Release|Any CPU.ActiveCfg = Release|Any CPU
		{67DF0EB3-60B8-4F60-8A81-7E017A1746EE}.Release|Any CPU.Build.0 = Release|Any CPU
	EndGlobalSection
	GlobalSection(SolutionProperties) = preSolution
		HideSolutionNode = FALSE
	EndGlobalSection
	GlobalSection(ExtensibilityGlobals) = postSolution
		SolutionGuid = {918E4A24-0CBE-4C8C-8A6C-840EB431D6D1}
	EndGlobalSection
EndGlobal
