
Microsoft Visual Studio Solution File, Format Version 12.00
# Visual Studio Version 16
VisualStudioVersion = 16.0.29503.13
MinimumVisualStudioVersion = 10.0.40219.1
Project("{FAE04EC0-301F-11D3-BF4B-00C04F79EFBC}") = "MockAssessment6", "MockAssessment6\MockAssessment6.csproj", "{44B1D724-66B7-465B-A863-8A6AE5AABC11}"
EndProject
Global
	GlobalSection(SolutionConfigurationPlatforms) = preSolution
		Debug|Any CPU = Debug|Any CPU
		Release|Any CPU = Release|Any CPU
	EndGlobalSection
	GlobalSection(ProjectConfigurationPlatforms) = postSolution
		{44B1D724-66B7-465B-A863-8A6AE5AABC11}.Debug|Any CPU.ActiveCfg = Debug|Any CPU
		{44B1D724-66B7-465B-A863-8A6AE5AABC11}.Debug|Any CPU.Build.0 = Debug|Any CPU
		{44B1D724-66B7-465B-A863-8A6AE5AABC11}.Release|Any CPU.ActiveCfg = Release|Any CPU
		{44B1D724-66B7-465B-A863-8A6AE5AABC11}.Release|Any CPU.Build.0 = Release|Any CPU
	EndGlobalSection
	GlobalSection(SolutionProperties) = preSolution
		HideSolutionNode = FALSE
	EndGlobalSection
	GlobalSection(ExtensibilityGlobals) = postSolution
		SolutionGuid = {654D2C45-6841-42D4-8D87-E23F1C4F1C05}
	EndGlobalSection
EndGlobal
