
Microsoft Visual Studio Solution File, Format Version 12.00
# Visual Studio Version 16
VisualStudioVersion = 16.0.29503.13
MinimumVisualStudioVersion = 10.0.40219.1
Project("{FAE04EC0-301F-11D3-BF4B-00C04F79EFBC}") = "Day 23 - Core Intro2", "Day 23 - Core Intro2\Day 23 - Core Intro2.csproj", "{4F840864-E0C0-43A9-9371-F274C2A93FF9}"
EndProject
Global
	GlobalSection(SolutionConfigurationPlatforms) = preSolution
		Debug|Any CPU = Debug|Any CPU
		Release|Any CPU = Release|Any CPU
	EndGlobalSection
	GlobalSection(ProjectConfigurationPlatforms) = postSolution
		{4F840864-E0C0-43A9-9371-F274C2A93FF9}.Debug|Any CPU.ActiveCfg = Debug|Any CPU
		{4F840864-E0C0-43A9-9371-F274C2A93FF9}.Debug|Any CPU.Build.0 = Debug|Any CPU
		{4F840864-E0C0-43A9-9371-F274C2A93FF9}.Release|Any CPU.ActiveCfg = Release|Any CPU
		{4F840864-E0C0-43A9-9371-F274C2A93FF9}.Release|Any CPU.Build.0 = Release|Any CPU
	EndGlobalSection
	GlobalSection(SolutionProperties) = preSolution
		HideSolutionNode = FALSE
	EndGlobalSection
	GlobalSection(ExtensibilityGlobals) = postSolution
		SolutionGuid = {F451F858-73B6-4B23-A6D2-BFE7708875D6}
	EndGlobalSection
EndGlobal
