
Microsoft Visual Studio Solution File, Format Version 12.00
# Visual Studio Version 16
VisualStudioVersion = 16.0.29411.108
MinimumVisualStudioVersion = 10.0.40219.1
Project("{FAE04EC0-301F-11D3-BF4B-00C04F79EFBC}") = "Day 1 - Inheritance and Polymorphism", "Day 1 - Inheritance and Polymorphism\Day 1 - Inheritance and Polymorphism.csproj", "{11C2050E-61D8-4002-A4B4-473224021BD6}"
EndProject
Global
	GlobalSection(SolutionConfigurationPlatforms) = preSolution
		Debug|Any CPU = Debug|Any CPU
		Release|Any CPU = Release|Any CPU
	EndGlobalSection
	GlobalSection(ProjectConfigurationPlatforms) = postSolution
		{11C2050E-61D8-4002-A4B4-473224021BD6}.Debug|Any CPU.ActiveCfg = Debug|Any CPU
		{11C2050E-61D8-4002-A4B4-473224021BD6}.Debug|Any CPU.Build.0 = Debug|Any CPU
		{11C2050E-61D8-4002-A4B4-473224021BD6}.Release|Any CPU.ActiveCfg = Release|Any CPU
		{11C2050E-61D8-4002-A4B4-473224021BD6}.Release|Any CPU.Build.0 = Release|Any CPU
	EndGlobalSection
	GlobalSection(SolutionProperties) = preSolution
		HideSolutionNode = FALSE
	EndGlobalSection
	GlobalSection(ExtensibilityGlobals) = postSolution
		SolutionGuid = {6383A4F8-DE79-4077-895D-E7591D1D5321}
	EndGlobalSection
EndGlobal
