
Microsoft Visual Studio Solution File, Format Version 12.00
# Visual Studio Version 16
VisualStudioVersion = 16.0.29411.108
MinimumVisualStudioVersion = 10.0.40219.1
Project("{FAE04EC0-301F-11D3-BF4B-00C04F79EFBC}") = "MockAssessment3", "MockAssessment3\MockAssessment3.csproj", "{9FEFAFBF-3B31-487A-8EF3-D74B64945726}"
EndProject
Global
	GlobalSection(SolutionConfigurationPlatforms) = preSolution
		Debug|Any CPU = Debug|Any CPU
		Release|Any CPU = Release|Any CPU
	EndGlobalSection
	GlobalSection(ProjectConfigurationPlatforms) = postSolution
		{9FEFAFBF-3B31-487A-8EF3-D74B64945726}.Debug|Any CPU.ActiveCfg = Debug|Any CPU
		{9FEFAFBF-3B31-487A-8EF3-D74B64945726}.Debug|Any CPU.Build.0 = Debug|Any CPU
		{9FEFAFBF-3B31-487A-8EF3-D74B64945726}.Release|Any CPU.ActiveCfg = Release|Any CPU
		{9FEFAFBF-3B31-487A-8EF3-D74B64945726}.Release|Any CPU.Build.0 = Release|Any CPU
	EndGlobalSection
	GlobalSection(SolutionProperties) = preSolution
		HideSolutionNode = FALSE
	EndGlobalSection
	GlobalSection(ExtensibilityGlobals) = postSolution
		SolutionGuid = {094F63EC-0916-4275-9619-F60CC95E3ED0}
	EndGlobalSection
EndGlobal
